
Microsoft Visual Studio Solution File, Format Version 12.00
# Visual Studio Version 16
VisualStudioVersion = 16.0.29709.97
MinimumVisualStudioVersion = 10.0.40219.1
Project("{9A19103F-16F7-4668-BE54-9A1E7A4F7556}") = "WebApplication", "WebApplication\WebApplication.csproj", "{51B01D2F-9BDE-46E5-8077-B07EF4CC0AFD}"
EndProject
Project("{FAE04EC0-301F-11D3-BF4B-00C04F79EFBC}") = "DAL", "DAL\DAL.csproj", "{0834AF2A-494C-4389-BDE4-644227C8C2C5}"
EndProject
Project("{FAE04EC0-301F-11D3-BF4B-00C04F79EFBC}") = "BL", "BL\BL.csproj", "{24AA6258-09B9-44E6-86FD-1D995DC30852}"
EndProject
Global
	GlobalSection(SolutionConfigurationPlatforms) = preSolution
		Debug|Any CPU = Debug|Any CPU
		Release|Any CPU = Release|Any CPU
	EndGlobalSection
	GlobalSection(ProjectConfigurationPlatforms) = postSolution
		{51B01D2F-9BDE-46E5-8077-B07EF4CC0AFD}.Debug|Any CPU.ActiveCfg = Debug|Any CPU
		{51B01D2F-9BDE-46E5-8077-B07EF4CC0AFD}.Debug|Any CPU.Build.0 = Debug|Any CPU
		{51B01D2F-9BDE-46E5-8077-B07EF4CC0AFD}.Release|Any CPU.ActiveCfg = Release|Any CPU
		{51B01D2F-9BDE-46E5-8077-B07EF4CC0AFD}.Release|Any CPU.Build.0 = Release|Any CPU
		{0834AF2A-494C-4389-BDE4-644227C8C2C5}.Debug|Any CPU.ActiveCfg = Debug|Any CPU
		{0834AF2A-494C-4389-BDE4-644227C8C2C5}.Debug|Any CPU.Build.0 = Debug|Any CPU
		{0834AF2A-494C-4389-BDE4-644227C8C2C5}.Release|Any CPU.ActiveCfg = Release|Any CPU
		{0834AF2A-494C-4389-BDE4-644227C8C2C5}.Release|Any CPU.Build.0 = Release|Any CPU
		{24AA6258-09B9-44E6-86FD-1D995DC30852}.Debug|Any CPU.ActiveCfg = Debug|Any CPU
		{24AA6258-09B9-44E6-86FD-1D995DC30852}.Debug|Any CPU.Build.0 = Debug|Any CPU
		{24AA6258-09B9-44E6-86FD-1D995DC30852}.Release|Any CPU.ActiveCfg = Release|Any CPU
		{24AA6258-09B9-44E6-86FD-1D995DC30852}.Release|Any CPU.Build.0 = Release|Any CPU
	EndGlobalSection
	GlobalSection(SolutionProperties) = preSolution
		HideSolutionNode = FALSE
	EndGlobalSection
	GlobalSection(ExtensibilityGlobals) = postSolution
		SolutionGuid = {9861A1DF-EC49-4E72-BDD6-F414901F5A7C}
	EndGlobalSection
EndGlobal
